{
  "name": "scheduled-trigger",
  "version": "1.0.0",
  "lockfileVersion": 2,
  "requires": true,
  "packages": {
    "": {
      "name": "scheduled-trigger",
      "version": "1.0.0",
      "license": "MIT",
      "dependencies": {
        "jose-node-esm-runtime": "^3.12.2"
      }
    },
    "node_modules/jose-node-esm-runtime": {
      "version": "3.12.2",
      "resolved": "https://registry.npmjs.org/jose-node-esm-runtime/-/jose-node-esm-runtime-3.12.2.tgz",
      "integrity": "sha512-Q1OG3LABfc+7SPkB3w8H3LbYj6YJmPXZ/K6S3QJTwCB7lLT1JPnb5ezcX122PRJ9ighCSz9J756HY82jkqB3PA==",
      "funding": {
        "url": "https://github.com/sponsors/panva"
      }
    }
  },
  "dependencies": {
    "jose-node-esm-runtime": {
      "version": "3.12.2",
      "resolved": "https://registry.npmjs.org/jose-node-esm-runtime/-/jose-node-esm-runtime-3.12.2.tgz",
      "integrity": "sha512-Q1OG3LABfc+7SPkB3w8H3LbYj6YJmPXZ/K6S3QJTwCB7lLT1JPnb5ezcX122PRJ9ighCSz9J756HY82jkqB3PA=="
    }
  }
}
